
Microsoft Visual Studio Solution File, Format Version 12.00
# Visual Studio Version 17
VisualStudioVersion = 17.14.36401.2
MinimumVisualStudioVersion = 10.0.40219.1
Project("{FAE04EC0-301F-11D3-BF4B-00C04F79EFBC}") = "Financ.Domain", "Financ.Domain\Financ.Domain.csproj", "{FB54DD95-9A8C-407D-99E4-CE7FCB15E772}"
EndProject
Project("{FAE04EC0-301F-11D3-BF4B-00C04F79EFBC}") = "Financ.TesteUnitarios.Domain", "Financ.TesteUnitarios.Domain\Financ.TesteUnitarios.Domain.csproj", "{3BD99C7E-CB1B-446F-9AFC-185426C9D163}"
EndProject
Project("{FAE04EC0-301F-11D3-BF4B-00C04F79EFBC}") = "Financ.Infra.Data", "Financ.Infra.Data\Financ.Infra.Data.csproj", "{CAFF08A2-A62E-4FA7-B07E-8BE24D29A0CB}"
EndProject
Project("{FAE04EC0-301F-11D3-BF4B-00C04F79EFBC}") = "Financ.Infra.IoC", "Financ.Infra.IoC\Financ.Infra.IoC.csproj", "{6C66DDD9-F8A0-44A1-B2B3-21F7725239FD}"
EndProject
Project("{FAE04EC0-301F-11D3-BF4B-00C04F79EFBC}") = "Financ.UI.Api", "Financ.UI.Api\Financ.UI.Api.csproj", "{D447275D-BF61-4051-B569-0DA29D119769}"
EndProject
Project("{FAE04EC0-301F-11D3-BF4B-00C04F79EFBC}") = "Financ.Application", "Financ.Application\Financ.Application.csproj", "{01741356-E4BF-437D-8769-910886B2C687}"
EndProject
Global
	GlobalSection(SolutionConfigurationPlatforms) = preSolution
		Debug|Any CPU = Debug|Any CPU
		Release|Any CPU = Release|Any CPU
	EndGlobalSection
	GlobalSection(ProjectConfigurationPlatforms) = postSolution
		{FB54DD95-9A8C-407D-99E4-CE7FCB15E772}.Debug|Any CPU.ActiveCfg = Debug|Any CPU
		{FB54DD95-9A8C-407D-99E4-CE7FCB15E772}.Debug|Any CPU.Build.0 = Debug|Any CPU
		{FB54DD95-9A8C-407D-99E4-CE7FCB15E772}.Release|Any CPU.ActiveCfg = Release|Any CPU
		{FB54DD95-9A8C-407D-99E4-CE7FCB15E772}.Release|Any CPU.Build.0 = Release|Any CPU
		{3BD99C7E-CB1B-446F-9AFC-185426C9D163}.Debug|Any CPU.ActiveCfg = Debug|Any CPU
		{3BD99C7E-CB1B-446F-9AFC-185426C9D163}.Debug|Any CPU.Build.0 = Debug|Any CPU
		{3BD99C7E-CB1B-446F-9AFC-185426C9D163}.Release|Any CPU.ActiveCfg = Release|Any CPU
		{3BD99C7E-CB1B-446F-9AFC-185426C9D163}.Release|Any CPU.Build.0 = Release|Any CPU
		{CAFF08A2-A62E-4FA7-B07E-8BE24D29A0CB}.Debug|Any CPU.ActiveCfg = Debug|Any CPU
		{CAFF08A2-A62E-4FA7-B07E-8BE24D29A0CB}.Debug|Any CPU.Build.0 = Debug|Any CPU
		{CAFF08A2-A62E-4FA7-B07E-8BE24D29A0CB}.Release|Any CPU.ActiveCfg = Release|Any CPU
		{CAFF08A2-A62E-4FA7-B07E-8BE24D29A0CB}.Release|Any CPU.Build.0 = Release|Any CPU
		{6C66DDD9-F8A0-44A1-B2B3-21F7725239FD}.Debug|Any CPU.ActiveCfg = Debug|Any CPU
		{6C66DDD9-F8A0-44A1-B2B3-21F7725239FD}.Debug|Any CPU.Build.0 = Debug|Any CPU
		{6C66DDD9-F8A0-44A1-B2B3-21F7725239FD}.Release|Any CPU.ActiveCfg = Release|Any CPU
		{6C66DDD9-F8A0-44A1-B2B3-21F7725239FD}.Release|Any CPU.Build.0 = Release|Any CPU
		{D447275D-BF61-4051-B569-0DA29D119769}.Debug|Any CPU.ActiveCfg = Debug|Any CPU
		{D447275D-BF61-4051-B569-0DA29D119769}.Debug|Any CPU.Build.0 = Debug|Any CPU
		{D447275D-BF61-4051-B569-0DA29D119769}.Release|Any CPU.ActiveCfg = Release|Any CPU
		{D447275D-BF61-4051-B569-0DA29D119769}.Release|Any CPU.Build.0 = Release|Any CPU
		{01741356-E4BF-437D-8769-910886B2C687}.Debug|Any CPU.ActiveCfg = Debug|Any CPU
		{01741356-E4BF-437D-8769-910886B2C687}.Debug|Any CPU.Build.0 = Debug|Any CPU
		{01741356-E4BF-437D-8769-910886B2C687}.Release|Any CPU.ActiveCfg = Release|Any CPU
		{01741356-E4BF-437D-8769-910886B2C687}.Release|Any CPU.Build.0 = Release|Any CPU
	EndGlobalSection
	GlobalSection(SolutionProperties) = preSolution
		HideSolutionNode = FALSE
	EndGlobalSection
	GlobalSection(ExtensibilityGlobals) = postSolution
		SolutionGuid = {C122A9B0-47E7-4C1C-97EF-836200AEA5C2}
	EndGlobalSection
EndGlobal
